// !$*UTF8*$!
{
	archiveVersion = 1;
	classes = {
	};
	objectVersion = 56;
	objects = {

/* Begin PBXBuildFile section */
		4F36B7A32A79073E0041EF89 /* AppDelegate.swift in Sources */ = {isa = PBXBuildFile; fileRef = 4F36B7A22A79073E0041EF89 /* AppDelegate.swift */; };
		4F36B7A52A79073E0041EF89 /* SceneDelegate.swift in Sources */ = {isa = PBXBuildFile; fileRef = 4F36B7A42A79073E0041EF89 /* SceneDelegate.swift */; };
		4F36B7AA2A79073E0041EF89 /* Main.storyboard in Resources */ = {isa = PBXBuildFile; fileRef = 4F36B7A82A79073E0041EF89 /* Main.storyboard */; };
		4F36B7AC2A7907410041EF89 /* Assets.xcassets in Resources */ = {isa = PBXBuildFile; fileRef = 4F36B7AB2A7907410041EF89 /* Assets.xcassets */; };
		4F36B7AF2A7907410041EF89 /* LaunchScreen.storyboard in Resources */ = {isa = PBXBuildFile; fileRef = 4F36B7AD2A7907410041EF89 /* LaunchScreen.storyboard */; };
		4F52411D2A7BF2FF00232090 /* Protocols.swift in Sources */ = {isa = PBXBuildFile; fileRef = 4F52411C2A7BF2FF00232090 /* Protocols.swift */; };
		4FB212B12A79111C0005CC8E /* Links.swift in Sources */ = {isa = PBXBuildFile; fileRef = 4FB212B02A79111C0005CC8E /* Links.swift */; };
		4FB212B32A791E010005CC8E /* ApiWorker.swift in Sources */ = {isa = PBXBuildFile; fileRef = 4FB212B22A791E010005CC8E /* ApiWorker.swift */; };
		4FB212B62A791E890005CC8E /* LoadingError.swift in Sources */ = {isa = PBXBuildFile; fileRef = 4FB212B52A791E890005CC8E /* LoadingError.swift */; };
		4FB212B82A791E9D0005CC8E /* Response.swift in Sources */ = {isa = PBXBuildFile; fileRef = 4FB212B72A791E9D0005CC8E /* Response.swift */; };
		4FB212BA2A791EB50005CC8E /* MethodParameters.swift in Sources */ = {isa = PBXBuildFile; fileRef = 4FB212B92A791EB50005CC8E /* MethodParameters.swift */; };
		4FB212BD2A791F370005CC8E /* URLRequest.swift in Sources */ = {isa = PBXBuildFile; fileRef = 4FB212BC2A791F370005CC8E /* URLRequest.swift */; };
		4FB212BF2A791F640005CC8E /* SessionRedirectManager.swift in Sources */ = {isa = PBXBuildFile; fileRef = 4FB212BE2A791F640005CC8E /* SessionRedirectManager.swift */; };
		4FB212C42A792E2C0005CC8E /* Colors.swift in Sources */ = {isa = PBXBuildFile; fileRef = 4FB212C32A792E2C0005CC8E /* Colors.swift */; };
		4FB212C62A793B860005CC8E /* BaseViewController.swift in Sources */ = {isa = PBXBuildFile; fileRef = 4FB212C52A793B860005CC8E /* BaseViewController.swift */; };
		4FB212C82A793E470005CC8E /* LoadingIndicator.swift in Sources */ = {isa = PBXBuildFile; fileRef = 4FB212C72A793E470005CC8E /* LoadingIndicator.swift */; };
		4FB212CC2A7A59F10005CC8E /* FilmCollectionCell.swift in Sources */ = {isa = PBXBuildFile; fileRef = 4FB212CA2A7A59F10005CC8E /* FilmCollectionCell.swift */; };
		4FB212CD2A7A59F10005CC8E /* FilmCollectionCell.xib in Resources */ = {isa = PBXBuildFile; fileRef = 4FB212CB2A7A59F10005CC8E /* FilmCollectionCell.xib */; };
		4FB212D12A7A5D920005CC8E /* FilmModels.swift in Sources */ = {isa = PBXBuildFile; fileRef = 4FB212D02A7A5D920005CC8E /* FilmModels.swift */; };
		4FBCC4682A7AA3F800E4AE67 /* HomePageViewModel.swift in Sources */ = {isa = PBXBuildFile; fileRef = 4FBCC4672A7AA3F800E4AE67 /* HomePageViewModel.swift */; };
		4FBCC46E2A7AAA1000E4AE67 /* HomePageRepository.swift in Sources */ = {isa = PBXBuildFile; fileRef = 4FBCC46D2A7AAA1000E4AE67 /* HomePageRepository.swift */; };
		4FBCC4702A7B9A7800E4AE67 /* HomePageAssembly.swift in Sources */ = {isa = PBXBuildFile; fileRef = 4FBCC46F2A7B9A7800E4AE67 /* HomePageAssembly.swift */; };
		4FBCC4722A7BA47300E4AE67 /* CellModels.swift in Sources */ = {isa = PBXBuildFile; fileRef = 4FBCC4712A7BA47300E4AE67 /* CellModels.swift */; };
		4FBCC4742A7BC2AB00E4AE67 /* URLSession.swift in Sources */ = {isa = PBXBuildFile; fileRef = 4FBCC4732A7BC2AB00E4AE67 /* URLSession.swift */; };
		4FC5C35D2A7A61C900A41A15 /* HomePageViewController.swift in Sources */ = {isa = PBXBuildFile; fileRef = 4FC5C35C2A7A61C900A41A15 /* HomePageViewController.swift */; };
/* End PBXBuildFile section */

/* Begin PBXFileReference section */
		4F36B79F2A79073E0041EF89 /* MovieApp.app */ = {isa = PBXFileReference; explicitFileType = wrapper.application; includeInIndex = 0; path = MovieApp.app; sourceTree = BUILT_PRODUCTS_DIR; };
		4F36B7A22A79073E0041EF89 /* AppDelegate.swift */ = {isa = PBXFileReference; lastKnownFileType = sourcecode.swift; path = AppDelegate.swift; sourceTree = "<group>"; };
		4F36B7A42A79073E0041EF89 /* SceneDelegate.swift */ = {isa = PBXFileReference; lastKnownFileType = sourcecode.swift; path = SceneDelegate.swift; sourceTree = "<group>"; };
		4F36B7A92A79073E0041EF89 /* Base */ = {isa = PBXFileReference; lastKnownFileType = file.storyboard; name = Base; path = Base.lproj/Main.storyboard; sourceTree = "<group>"; };
		4F36B7AB2A7907410041EF89 /* Assets.xcassets */ = {isa = PBXFileReference; lastKnownFileType = folder.assetcatalog; path = Assets.xcassets; sourceTree = "<group>"; };
		4F36B7AE2A7907410041EF89 /* Base */ = {isa = PBXFileReference; lastKnownFileType = file.storyboard; name = Base; path = Base.lproj/LaunchScreen.storyboard; sourceTree = "<group>"; };
		4F36B7B02A7907410041EF89 /* Info.plist */ = {isa = PBXFileReference; lastKnownFileType = text.plist.xml; path = Info.plist; sourceTree = "<group>"; };
		4F52411C2A7BF2FF00232090 /* Protocols.swift */ = {isa = PBXFileReference; lastKnownFileType = sourcecode.swift; path = Protocols.swift; sourceTree = "<group>"; };
		4FB212B02A79111C0005CC8E /* Links.swift */ = {isa = PBXFileReference; lastKnownFileType = sourcecode.swift; path = Links.swift; sourceTree = "<group>"; };
		4FB212B22A791E010005CC8E /* ApiWorker.swift */ = {isa = PBXFileReference; lastKnownFileType = sourcecode.swift; path = ApiWorker.swift; sourceTree = "<group>"; };
		4FB212B52A791E890005CC8E /* LoadingError.swift */ = {isa = PBXFileReference; lastKnownFileType = sourcecode.swift; path = LoadingError.swift; sourceTree = "<group>"; };
		4FB212B72A791E9D0005CC8E /* Response.swift */ = {isa = PBXFileReference; lastKnownFileType = sourcecode.swift; path = Response.swift; sourceTree = "<group>"; };
		4FB212B92A791EB50005CC8E /* MethodParameters.swift */ = {isa = PBXFileReference; lastKnownFileType = sourcecode.swift; path = MethodParameters.swift; sourceTree = "<group>"; };
		4FB212BC2A791F370005CC8E /* URLRequest.swift */ = {isa = PBXFileReference; lastKnownFileType = sourcecode.swift; path = URLRequest.swift; sourceTree = "<group>"; };
		4FB212BE2A791F640005CC8E /* SessionRedirectManager.swift */ = {isa = PBXFileReference; lastKnownFileType = sourcecode.swift; path = SessionRedirectManager.swift; sourceTree = "<group>"; };
		4FB212C32A792E2C0005CC8E /* Colors.swift */ = {isa = PBXFileReference; lastKnownFileType = sourcecode.swift; path = Colors.swift; sourceTree = "<group>"; };
		4FB212C52A793B860005CC8E /* BaseViewController.swift */ = {isa = PBXFileReference; lastKnownFileType = sourcecode.swift; path = BaseViewController.swift; sourceTree = "<group>"; };
		4FB212C72A793E470005CC8E /* LoadingIndicator.swift */ = {isa = PBXFileReference; lastKnownFileType = sourcecode.swift; path = LoadingIndicator.swift; sourceTree = "<group>"; };
		4FB212CA2A7A59F10005CC8E /* FilmCollectionCell.swift */ = {isa = PBXFileReference; lastKnownFileType = sourcecode.swift; path = FilmCollectionCell.swift; sourceTree = "<group>"; };
		4FB212CB2A7A59F10005CC8E /* FilmCollectionCell.xib */ = {isa = PBXFileReference; lastKnownFileType = file.xib; path = FilmCollectionCell.xib; sourceTree = "<group>"; };
		4FB212D02A7A5D920005CC8E /* FilmModels.swift */ = {isa = PBXFileReference; lastKnownFileType = sourcecode.swift; path = FilmModels.swift; sourceTree = "<group>"; };
		4FBCC4672A7AA3F800E4AE67 /* HomePageViewModel.swift */ = {isa = PBXFileReference; lastKnownFileType = sourcecode.swift; path = HomePageViewModel.swift; sourceTree = "<group>"; };
		4FBCC46D2A7AAA1000E4AE67 /* HomePageRepository.swift */ = {isa = PBXFileReference; lastKnownFileType = sourcecode.swift; path = HomePageRepository.swift; sourceTree = "<group>"; };
		4FBCC46F2A7B9A7800E4AE67 /* HomePageAssembly.swift */ = {isa = PBXFileReference; lastKnownFileType = sourcecode.swift; path = HomePageAssembly.swift; sourceTree = "<group>"; };
		4FBCC4712A7BA47300E4AE67 /* CellModels.swift */ = {isa = PBXFileReference; lastKnownFileType = sourcecode.swift; path = CellModels.swift; sourceTree = "<group>"; };
		4FBCC4732A7BC2AB00E4AE67 /* URLSession.swift */ = {isa = PBXFileReference; lastKnownFileType = sourcecode.swift; path = URLSession.swift; sourceTree = "<group>"; };
		4FC5C35C2A7A61C900A41A15 /* HomePageViewController.swift */ = {isa = PBXFileReference; fileEncoding = 4; lastKnownFileType = sourcecode.swift; path = HomePageViewController.swift; sourceTree = "<group>"; };
/* End PBXFileReference section */

/* Begin PBXFrameworksBuildPhase section */
		4F36B79C2A79073E0041EF89 /* Frameworks */ = {
			isa = PBXFrameworksBuildPhase;
			buildActionMask = 2147483647;
			files = (
			);
			runOnlyForDeploymentPostprocessing = 0;
		};
/* End PBXFrameworksBuildPhase section */

/* Begin PBXGroup section */
		4F36B7962A79073E0041EF89 = {
			isa = PBXGroup;
			children = (
				4F36B7A12A79073E0041EF89 /* MovieApp */,
				4F36B7A02A79073E0041EF89 /* Products */,
			);
			sourceTree = "<group>";
		};
		4F36B7A02A79073E0041EF89 /* Products */ = {
			isa = PBXGroup;
			children = (
				4F36B79F2A79073E0041EF89 /* MovieApp.app */,
			);
			name = Products;
			sourceTree = "<group>";
		};
		4F36B7A12A79073E0041EF89 /* MovieApp */ = {
			isa = PBXGroup;
			children = (
				4FB212C22A792E1C0005CC8E /* Constants */,
				4FB212BB2A791F240005CC8E /* Extensions */,
				4FB212AF2A790AC70005CC8E /* Views */,
				4FB212AE2A790A7B0005CC8E /* Core */,
				4F36B7A82A79073E0041EF89 /* Main.storyboard */,
				4F36B7AB2A7907410041EF89 /* Assets.xcassets */,
				4F36B7AD2A7907410041EF89 /* LaunchScreen.storyboard */,
				4F36B7B02A7907410041EF89 /* Info.plist */,
			);
			path = MovieApp;
			sourceTree = "<group>";
		};
		4FB212AE2A790A7B0005CC8E /* Core */ = {
			isa = PBXGroup;
			children = (
				4FB212B42A791E7A0005CC8E /* Network */,
				4F36B7A22A79073E0041EF89 /* AppDelegate.swift */,
				4F36B7A42A79073E0041EF89 /* SceneDelegate.swift */,
			);
			path = Core;
			sourceTree = "<group>";
		};
		4FB212AF2A790AC70005CC8E /* Views */ = {
			isa = PBXGroup;
			children = (
				4FB212C12A7920180005CC8E /* Modules */,
				4FB212C02A7920100005CC8E /* Shared */,
				4FB212C52A793B860005CC8E /* BaseViewController.swift */,
			);
			path = Views;
			sourceTree = "<group>";
		};
		4FB212B42A791E7A0005CC8E /* Network */ = {
			isa = PBXGroup;
			children = (
				4FB212B02A79111C0005CC8E /* Links.swift */,
				4FB212B22A791E010005CC8E /* ApiWorker.swift */,
				4FB212B52A791E890005CC8E /* LoadingError.swift */,
				4FB212B72A791E9D0005CC8E /* Response.swift */,
				4FB212B92A791EB50005CC8E /* MethodParameters.swift */,
				4FB212BE2A791F640005CC8E /* SessionRedirectManager.swift */,
			);
			path = Network;
			sourceTree = "<group>";
		};
		4FB212BB2A791F240005CC8E /* Extensions */ = {
			isa = PBXGroup;
			children = (
				4FB212BC2A791F370005CC8E /* URLRequest.swift */,
				4FBCC4732A7BC2AB00E4AE67 /* URLSession.swift */,
			);
			path = Extensions;
			sourceTree = "<group>";
		};
		4FB212C02A7920100005CC8E /* Shared */ = {
			isa = PBXGroup;
			children = (
				4FB212C72A793E470005CC8E /* LoadingIndicator.swift */,
			);
			path = Shared;
			sourceTree = "<group>";
		};
		4FB212C12A7920180005CC8E /* Modules */ = {
			isa = PBXGroup;
			children = (
				4FB212CE2A7A5D700005CC8E /* HomePage */,
			);
			path = Modules;
			sourceTree = "<group>";
		};
		4FB212C22A792E1C0005CC8E /* Constants */ = {
			isa = PBXGroup;
			children = (
				4FB212C32A792E2C0005CC8E /* Colors.swift */,
			);
			path = Constants;
			sourceTree = "<group>";
		};
		4FB212C92A7A59BC0005CC8E /* View */ = {
			isa = PBXGroup;
			children = (
				4FC5C35C2A7A61C900A41A15 /* HomePageViewController.swift */,
				4FB212CA2A7A59F10005CC8E /* FilmCollectionCell.swift */,
				4FB212CB2A7A59F10005CC8E /* FilmCollectionCell.xib */,
			);
			path = View;
			sourceTree = "<group>";
		};
		4FB212CE2A7A5D700005CC8E /* HomePage */ = {
			isa = PBXGroup;
			children = (
				4FBCC4652A7AA3DC00E4AE67 /* ViewModels */,
				4FB212CF2A7A5D820005CC8E /* Models */,
				4FB212C92A7A59BC0005CC8E /* View */,
				4FBCC46F2A7B9A7800E4AE67 /* HomePageAssembly.swift */,
				4F52411C2A7BF2FF00232090 /* Protocols.swift */,
			);
			path = HomePage;
			sourceTree = "<group>";
		};
		4FB212CF2A7A5D820005CC8E /* Models */ = {
			isa = PBXGroup;
			children = (
				4FBCC46C2A7AA9FD00E4AE67 /* Repository */,
				4FB212D02A7A5D920005CC8E /* FilmModels.swift */,
				4FBCC4712A7BA47300E4AE67 /* CellModels.swift */,
			);
			path = Models;
			sourceTree = "<group>";
		};
		4FBCC4652A7AA3DC00E4AE67 /* ViewModels */ = {
			isa = PBXGroup;
			children = (
				4FBCC4672A7AA3F800E4AE67 /* HomePageViewModel.swift */,
			);
			path = ViewModels;
			sourceTree = "<group>";
		};
		4FBCC46C2A7AA9FD00E4AE67 /* Repository */ = {
			isa = PBXGroup;
			children = (
				4FBCC46D2A7AAA1000E4AE67 /* HomePageRepository.swift */,
			);
			path = Repository;
			sourceTree = "<group>";
		};
/* End PBXGroup section */

/* Begin PBXNativeTarget section */
		4F36B79E2A79073E0041EF89 /* MovieApp */ = {
			isa = PBXNativeTarget;
			buildConfigurationList = 4F36B7B32A7907410041EF89 /* Build configuration list for PBXNativeTarget "MovieApp" */;
			buildPhases = (
				4F36B79B2A79073E0041EF89 /* Sources */,
				4F36B79C2A79073E0041EF89 /* Frameworks */,
				4F36B79D2A79073E0041EF89 /* Resources */,
			);
			buildRules = (
			);
			dependencies = (
			);
			name = MovieApp;
			productName = MovieApp;
			productReference = 4F36B79F2A79073E0041EF89 /* MovieApp.app */;
			productType = "com.apple.product-type.application";
		};
/* End PBXNativeTarget section */

/* Begin PBXProject section */
		4F36B7972A79073E0041EF89 /* Project object */ = {
			isa = PBXProject;
			attributes = {
				BuildIndependentTargetsInParallel = 1;
				LastSwiftUpdateCheck = 1420;
				LastUpgradeCheck = 1420;
				TargetAttributes = {
					4F36B79E2A79073E0041EF89 = {
						CreatedOnToolsVersion = 14.2;
					};
				};
			};
			buildConfigurationList = 4F36B79A2A79073E0041EF89 /* Build configuration list for PBXProject "MovieApp" */;
			compatibilityVersion = "Xcode 14.0";
			developmentRegion = en;
			hasScannedForEncodings = 0;
			knownRegions = (
				en,
				Base,
			);
			mainGroup = 4F36B7962A79073E0041EF89;
			productRefGroup = 4F36B7A02A79073E0041EF89 /* Products */;
			projectDirPath = "";
			projectRoot = "";
			targets = (
				4F36B79E2A79073E0041EF89 /* MovieApp */,
			);
		};
/* End PBXProject section */

/* Begin PBXResourcesBuildPhase section */
		4F36B79D2A79073E0041EF89 /* Resources */ = {
			isa = PBXResourcesBuildPhase;
			buildActionMask = 2147483647;
			files = (
				4F36B7AF2A7907410041EF89 /* LaunchScreen.storyboard in Resources */,
				4F36B7AC2A7907410041EF89 /* Assets.xcassets in Resources */,
				4F36B7AA2A79073E0041EF89 /* Main.storyboard in Resources */,
				4FB212CD2A7A59F10005CC8E /* FilmCollectionCell.xib in Resources */,
			);
			runOnlyForDeploymentPostprocessing = 0;
		};
/* End PBXResourcesBuildPhase section */

/* Begin PBXSourcesBuildPhase section */
		4F36B79B2A79073E0041EF89 /* Sources */ = {
			isa = PBXSourcesBuildPhase;
			buildActionMask = 2147483647;
			files = (
				4FB212B32A791E010005CC8E /* ApiWorker.swift in Sources */,
				4FB212C42A792E2C0005CC8E /* Colors.swift in Sources */,
				4FB212BF2A791F640005CC8E /* SessionRedirectManager.swift in Sources */,
				4FBCC4722A7BA47300E4AE67 /* CellModels.swift in Sources */,
				4F36B7A32A79073E0041EF89 /* AppDelegate.swift in Sources */,
				4FBCC4682A7AA3F800E4AE67 /* HomePageViewModel.swift in Sources */,
				4FB212C82A793E470005CC8E /* LoadingIndicator.swift in Sources */,
				4FB212C62A793B860005CC8E /* BaseViewController.swift in Sources */,
				4FBCC4742A7BC2AB00E4AE67 /* URLSession.swift in Sources */,
				4F52411D2A7BF2FF00232090 /* Protocols.swift in Sources */,
				4FB212B62A791E890005CC8E /* LoadingError.swift in Sources */,
				4F36B7A52A79073E0041EF89 /* SceneDelegate.swift in Sources */,
				4FC5C35D2A7A61C900A41A15 /* HomePageViewController.swift in Sources */,
				4FB212B12A79111C0005CC8E /* Links.swift in Sources */,
				4FB212BD2A791F370005CC8E /* URLRequest.swift in Sources */,
				4FB212CC2A7A59F10005CC8E /* FilmCollectionCell.swift in Sources */,
				4FBCC46E2A7AAA1000E4AE67 /* HomePageRepository.swift in Sources */,
				4FB212BA2A791EB50005CC8E /* MethodParameters.swift in Sources */,
				4FBCC4702A7B9A7800E4AE67 /* HomePageAssembly.swift in Sources */,
				4FB212B82A791E9D0005CC8E /* Response.swift in Sources */,
				4FB212D12A7A5D920005CC8E /* FilmModels.swift in Sources */,
			);
			runOnlyForDeploymentPostprocessing = 0;
		};
/* End PBXSourcesBuildPhase section */

/* Begin PBXVariantGroup section */
		4F36B7A82A79073E0041EF89 /* Main.storyboard */ = {
			isa = PBXVariantGroup;
			children = (
				4F36B7A92A79073E0041EF89 /* Base */,
			);
			name = Main.storyboard;
			sourceTree = "<group>";
		};
		4F36B7AD2A7907410041EF89 /* LaunchScreen.storyboard */ = {
			isa = PBXVariantGroup;
			children = (
				4F36B7AE2A7907410041EF89 /* Base */,
			);
			name = LaunchScreen.storyboard;
			sourceTree = "<group>";
		};
/* End PBXVariantGroup section */

/* Begin XCBuildConfiguration section */
		4F36B7B12A7907410041EF89 /* Debug */ = {
			isa = XCBuildConfiguration;
			buildSettings = {
				ALWAYS_SEARCH_USER_PATHS = NO;
				CLANG_ANALYZER_NONNULL = YES;
				CLANG_ANALYZER_NUMBER_OBJECT_CONVERSION = YES_AGGRESSIVE;
				CLANG_CXX_LANGUAGE_STANDARD = "gnu++20";
				CLANG_ENABLE_MODULES = YES;
				CLANG_ENABLE_OBJC_ARC = YES;
				CLANG_ENABLE_OBJC_WEAK = YES;
				CLANG_WARN_BLOCK_CAPTURE_AUTORELEASING = YES;
				CLANG_WARN_BOOL_CONVERSION = YES;
				CLANG_WARN_COMMA = YES;
				CLANG_WARN_CONSTANT_CONVERSION = YES;
				CLANG_WARN_DEPRECATED_OBJC_IMPLEMENTATIONS = YES;
				CLANG_WARN_DIRECT_OBJC_ISA_USAGE = YES_ERROR;
				CLANG_WARN_DOCUMENTATION_COMMENTS = YES;
				CLANG_WARN_EMPTY_BODY = YES;
				CLANG_WARN_ENUM_CONVERSION = YES;
				CLANG_WARN_INFINITE_RECURSION = YES;
				CLANG_WARN_INT_CONVERSION = YES;
				CLANG_WARN_NON_LITERAL_NULL_CONVERSION = YES;
				CLANG_WARN_OBJC_IMPLICIT_RETAIN_SELF = YES;
				CLANG_WARN_OBJC_LITERAL_CONVERSION = YES;
				CLANG_WARN_OBJC_ROOT_CLASS = YES_ERROR;
				CLANG_WARN_QUOTED_INCLUDE_IN_FRAMEWORK_HEADER = YES;
				CLANG_WARN_RANGE_LOOP_ANALYSIS = YES;
				CLANG_WARN_STRICT_PROTOTYPES = YES;
				CLANG_WARN_SUSPICIOUS_MOVE = YES;
				CLANG_WARN_UNGUARDED_AVAILABILITY = YES_AGGRESSIVE;
				CLANG_WARN_UNREACHABLE_CODE = YES;
				CLANG_WARN__DUPLICATE_METHOD_MATCH = YES;
				COPY_PHASE_STRIP = NO;
				DEBUG_INFORMATION_FORMAT = dwarf;
				ENABLE_STRICT_OBJC_MSGSEND = YES;
				ENABLE_TESTABILITY = YES;
				GCC_C_LANGUAGE_STANDARD = gnu11;
				GCC_DYNAMIC_NO_PIC = NO;
				GCC_NO_COMMON_BLOCKS = YES;
				GCC_OPTIMIZATION_LEVEL = 0;
				GCC_PREPROCESSOR_DEFINITIONS = (
					"DEBUG=1",
					"$(inherited)",
				);
				GCC_WARN_64_TO_32_BIT_CONVERSION = YES;
				GCC_WARN_ABOUT_RETURN_TYPE = YES_ERROR;
				GCC_WARN_UNDECLARED_SELECTOR = YES;
				GCC_WARN_UNINITIALIZED_AUTOS = YES_AGGRESSIVE;
				GCC_WARN_UNUSED_FUNCTION = YES;
				GCC_WARN_UNUSED_VARIABLE = YES;
				IPHONEOS_DEPLOYMENT_TARGET = 16.2;
				MTL_ENABLE_DEBUG_INFO = INCLUDE_SOURCE;
				MTL_FAST_MATH = YES;
				ONLY_ACTIVE_ARCH = YES;
				SDKROOT = iphoneos;
				SWIFT_ACTIVE_COMPILATION_CONDITIONS = DEBUG;
				SWIFT_OPTIMIZATION_LEVEL = "-Onone";
			};
			name = Debug;
		};
		4F36B7B22A7907410041EF89 /* Release */ = {
			isa = XCBuildConfiguration;
			buildSettings = {
				ALWAYS_SEARCH_USER_PATHS = NO;
				CLANG_ANALYZER_NONNULL = YES;
				CLANG_ANALYZER_NUMBER_OBJECT_CONVERSION = YES_AGGRESSIVE;
				CLANG_CXX_LANGUAGE_STANDARD = "gnu++20";
				CLANG_ENABLE_MODULES = YES;
				CLANG_ENABLE_OBJC_ARC = YES;
				CLANG_ENABLE_OBJC_WEAK = YES;
				CLANG_WARN_BLOCK_CAPTURE_AUTORELEASING = YES;
				CLANG_WARN_BOOL_CONVERSION = YES;
				CLANG_WARN_COMMA = YES;
				CLANG_WARN_CONSTANT_CONVERSION = YES;
				CLANG_WARN_DEPRECATED_OBJC_IMPLEMENTATIONS = YES;
				CLANG_WARN_DIRECT_OBJC_ISA_USAGE = YES_ERROR;
				CLANG_WARN_DOCUMENTATION_COMMENTS = YES;
				CLANG_WARN_EMPTY_BODY = YES;
				CLANG_WARN_ENUM_CONVERSION = YES;
				CLANG_WARN_INFINITE_RECURSION = YES;
				CLANG_WARN_INT_CONVERSION = YES;
				CLANG_WARN_NON_LITERAL_NULL_CONVERSION = YES;
				CLANG_WARN_OBJC_IMPLICIT_RETAIN_SELF = YES;
				CLANG_WARN_OBJC_LITERAL_CONVERSION = YES;
				CLANG_WARN_OBJC_ROOT_CLASS = YES_ERROR;
				CLANG_WARN_QUOTED_INCLUDE_IN_FRAMEWORK_HEADER = YES;
				CLANG_WARN_RANGE_LOOP_ANALYSIS = YES;
				CLANG_WARN_STRICT_PROTOTYPES = YES;
				CLANG_WARN_SUSPICIOUS_MOVE = YES;
				CLANG_WARN_UNGUARDED_AVAILABILITY = YES_AGGRESSIVE;
				CLANG_WARN_UNREACHABLE_CODE = YES;
				CLANG_WARN__DUPLICATE_METHOD_MATCH = YES;
				COPY_PHASE_STRIP = NO;
				DEBUG_INFORMATION_FORMAT = "dwarf-with-dsym";
				ENABLE_NS_ASSERTIONS = NO;
				ENABLE_STRICT_OBJC_MSGSEND = YES;
				GCC_C_LANGUAGE_STANDARD = gnu11;
				GCC_NO_COMMON_BLOCKS = YES;
				GCC_WARN_64_TO_32_BIT_CONVERSION = YES;
				GCC_WARN_ABOUT_RETURN_TYPE = YES_ERROR;
				GCC_WARN_UNDECLARED_SELECTOR = YES;
				GCC_WARN_UNINITIALIZED_AUTOS = YES_AGGRESSIVE;
				GCC_WARN_UNUSED_FUNCTION = YES;
				GCC_WARN_UNUSED_VARIABLE = YES;
				IPHONEOS_DEPLOYMENT_TARGET = 16.2;
				MTL_ENABLE_DEBUG_INFO = NO;
				MTL_FAST_MATH = YES;
				SDKROOT = iphoneos;
				SWIFT_COMPILATION_MODE = wholemodule;
				SWIFT_OPTIMIZATION_LEVEL = "-O";
				VALIDATE_PRODUCT = YES;
			};
			name = Release;
		};
		4F36B7B42A7907410041EF89 /* Debug */ = {
			isa = XCBuildConfiguration;
			buildSettings = {
				ASSETCATALOG_COMPILER_APPICON_NAME = AppIcon;
				ASSETCATALOG_COMPILER_GLOBAL_ACCENT_COLOR_NAME = AccentColor;
				CODE_SIGN_STYLE = Automatic;
				CURRENT_PROJECT_VERSION = 1;
				DEVELOPMENT_TEAM = ZR7Z862SYX;
				GENERATE_INFOPLIST_FILE = YES;
				INFOPLIST_FILE = MovieApp/Info.plist;
				INFOPLIST_KEY_UIApplicationSupportsIndirectInputEvents = YES;
				INFOPLIST_KEY_UILaunchStoryboardName = LaunchScreen;
				INFOPLIST_KEY_UIMainStoryboardFile = Main;
				INFOPLIST_KEY_UISupportedInterfaceOrientations = UIInterfaceOrientationPortrait;
				IPHONEOS_DEPLOYMENT_TARGET = 14.0;
				LD_RUNPATH_SEARCH_PATHS = (
					"$(inherited)",
					"@executable_path/Frameworks",
				);
				MARKETING_VERSION = 1.0;
				PRODUCT_BUNDLE_IDENTIFIER = com.MovieApp123456789;
				PRODUCT_NAME = "$(TARGET_NAME)";
				SWIFT_EMIT_LOC_STRINGS = YES;
				SWIFT_VERSION = 5.0;
				TARGETED_DEVICE_FAMILY = "1,2";
			};
			name = Debug;
		};
		4F36B7B52A7907410041EF89 /* Release */ = {
			isa = XCBuildConfiguration;
			buildSettings = {
				ASSETCATALOG_COMPILER_APPICON_NAME = AppIcon;
				ASSETCATALOG_COMPILER_GLOBAL_ACCENT_COLOR_NAME = AccentColor;
				CODE_SIGN_STYLE = Automatic;
				CURRENT_PROJECT_VERSION = 1;
				DEVELOPMENT_TEAM = ZR7Z862SYX;
				GENERATE_INFOPLIST_FILE = YES;
				INFOPLIST_FILE = MovieApp/Info.plist;
				INFOPLIST_KEY_UIApplicationSupportsIndirectInputEvents = YES;
				INFOPLIST_KEY_UILaunchStoryboardName = LaunchScreen;
				INFOPLIST_KEY_UIMainStoryboardFile = Main;
				INFOPLIST_KEY_UISupportedInterfaceOrientations = UIInterfaceOrientationPortrait;
				IPHONEOS_DEPLOYMENT_TARGET = 14.0;
				LD_RUNPATH_SEARCH_PATHS = (
					"$(inherited)",
					"@executable_path/Frameworks",
				);
				MARKETING_VERSION = 1.0;
				PRODUCT_BUNDLE_IDENTIFIER = com.MovieApp123456789;
				PRODUCT_NAME = "$(TARGET_NAME)";
				SWIFT_EMIT_LOC_STRINGS = YES;
				SWIFT_VERSION = 5.0;
				TARGETED_DEVICE_FAMILY = "1,2";
			};
			name = Release;
		};
/* End XCBuildConfiguration section */

/* Begin XCConfigurationList section */
		4F36B79A2A79073E0041EF89 /* Build configuration list for PBXProject "MovieApp" */ = {
			isa = XCConfigurationList;
			buildConfigurations = (
				4F36B7B12A7907410041EF89 /* Debug */,
				4F36B7B22A7907410041EF89 /* Release */,
			);
			defaultConfigurationIsVisible = 0;
			defaultConfigurationName = Release;
		};
		4F36B7B32A7907410041EF89 /* Build configuration list for PBXNativeTarget "MovieApp" */ = {
			isa = XCConfigurationList;
			buildConfigurations = (
				4F36B7B42A7907410041EF89 /* Debug */,
				4F36B7B52A7907410041EF89 /* Release */,
			);
			defaultConfigurationIsVisible = 0;
			defaultConfigurationName = Release;
		};
/* End XCConfigurationList section */
	};
	rootObject = 4F36B7972A79073E0041EF89 /* Project object */;
}
